<?xml version="1.0" encoding="utf-8"?>
<Project ToolsVersion="4.0" xmlns="http://schemas.microsoft.com/developer/msbuild/2003">
  <ItemGroup>
    <Filter Include="Source Files">
      <UniqueIdentifier>{4FC737F1-C7A5-4376-A066-2A32D752A2FF}</UniqueIdentifier>
      <Extensions>cpp;c;cc;cxx;def;odl;idl;hpj;bat;asm;asmx</Extensions>
    </Filter>
    <Filter Include="Header Files">
      <UniqueIdentifier>{93995380-89BD-4b04-88EB-625FBE52EBFB}</UniqueIdentifier>
      <Extensions>h;hh;hpp;hxx;hm;inl;inc;ipp;xsd</Extensions>
    </Filter>
    <Filter Include="Resource Files">
      <UniqueIdentifier>{67DA6AB6-F800-4c08-8B7A-83BB121AAD01}</UniqueIdentifier>
      <Extensions>rc;ico;cur;bmp;dlg;rc2;rct;bin;rgs;gif;jpg;jpeg;jpe;resx;tiff;tif;png;wav;mfcribbon-ms</Extensions>
    </Filter>
  </ItemGroup>
  <ItemGroup>
    <ClCompile Include="Columns.cpp">
      <Filter>Source Files</Filter>
    </ClCompile>
    <ClCompile Include="ColumnsSim.cpp">
      <Filter>Source Files</Filter>
    </ClCompile>
    <ClCompile Include="ActionMapper.cpp">
      <Filter>Source Files</Filter>
    </ClCompile>
    <ClCompile Include="SDLEventPoller.cpp">
      <Filter>Source Files</Filter>
    </ClCompile>
    <ClCompile Include="DefaultGame.cpp">
      <Filter>Source Files</Filter>
    </ClCompile>
    <ClCompile Include="SDLInput.cpp">
      <Filter>Source Files</Filter>
    </ClCompile>
    <ClCompile Include="ColumnsSDLRenderer.cpp">
      <Filter>Source Files</Filter>
    </ClCompile>
    <ClCompile Include="ResourceLoader.cpp">
      <Filter>Source Files</Filter>
    </ClCompile>
    <ClCompile Include="BaseResource.cpp">
      <Filter>Source Files</Filter>
    </ClCompile>
    <ClCompile Include="RawMemoryResource.cpp">
      <Filter>Source Files</Filter>
    </ClCompile>
    <ClCompile Include="TrueTypeFont.cpp">
      <Filter>Source Files</Filter>
    </ClCompile>
    <ClCompile Include="SDLText.cpp">
      <Filter>Source Files</Filter>
    </ClCompile>
    <ClCompile Include="SDLRendering.cpp">
      <Filter>Source Files</Filter>
    </ClCompile>
    <ClCompile Include="ActionTranslator.cpp">
      <Filter>Source Files</Filter>
    </ClCompile>
    <ClCompile Include="ColumnsExecutive.cpp">
      <Filter>Source Files</Filter>
    </ClCompile>
    <ClCompile Include="CommonSetup.cpp">
      <Filter>Source Files</Filter>
    </ClCompile>
    <ClCompile Include="InputBridge.cpp">
      <Filter>Source Files</Filter>
    </ClCompile>
    <ClCompile Include="KeyDebug.cpp">
      <Filter>Source Files</Filter>
    </ClCompile>
    <ClCompile Include="CheatTrie.cpp">
      <Filter>Source Files</Filter>
    </ClCompile>
    <ClCompile Include="SDLTextKeycodes.cpp">
      <Filter>Source Files</Filter>
    </ClCompile>
    <ClCompile Include="Animation.cpp">
      <Filter>Source Files</Filter>
    </ClCompile>
    <ClCompile Include="FileCommandReader.cpp">
      <Filter>Source Files</Filter>
    </ClCompile>
    <ClCompile Include="Filestream.cpp">
      <Filter>Source Files</Filter>
    </ClCompile>
    <ClCompile Include="FileCommandWriter.cpp">
      <Filter>Source Files</Filter>
    </ClCompile>
    <ClCompile Include="CommandManager.cpp">
      <Filter>Source Files</Filter>
    </ClCompile>
    <ClCompile Include="ColumnsInput.cpp">
      <Filter>Source Files</Filter>
    </ClCompile>
    <ClCompile Include="CommandLine.cpp">
      <Filter>Source Files</Filter>
    </ClCompile>
    <ClCompile Include="ColumnsData.cpp">
      <Filter>Source Files</Filter>
    </ClCompile>
    <ClCompile Include="ChecksumCalc.cpp">
      <Filter>Source Files</Filter>
    </ClCompile>
    <ClCompile Include="DataTreeViews.cpp">
      <Filter>Source Files</Filter>
    </ClCompile>
    <ClCompile Include="DTSimpleElement.cpp">
      <Filter>Source Files</Filter>
    </ClCompile>
    <ClCompile Include="DTSimpleDict.cpp">
      <Filter>Source Files</Filter>
    </ClCompile>
    <ClCompile Include="DTSimpleList.cpp">
      <Filter>Source Files</Filter>
    </ClCompile>
    <ClCompile Include="DTJsonSerializer.cpp">
      <Filter>Source Files</Filter>
    </ClCompile>
    <ClCompile Include="DTUtils.cpp">
      <Filter>Source Files</Filter>
    </ClCompile>
    <ClCompile Include="PathUtils.cpp">
      <Filter>Source Files</Filter>
    </ClCompile>
    <ClCompile Include="UIImplDataumRecord.cpp">
      <Filter>Source Files</Filter>
    </ClCompile>
  </ItemGroup>
  <ItemGroup>
    <ClInclude Include="ColumnsSim.h">
      <Filter>Header Files</Filter>
    </ClInclude>
    <ClInclude Include="IInput.h">
      <Filter>Header Files</Filter>
    </ClInclude>
    <ClInclude Include="ActionMapper.h">
      <Filter>Header Files</Filter>
    </ClInclude>
    <ClInclude Include="SimStateDispatcher.h">
      <Filter>Header Files</Filter>
    </ClInclude>
    <ClInclude Include="SDLInput.h">
      <Filter>Header Files</Filter>
    </ClInclude>
    <ClInclude Include="SDLEventPoller.h">
      <Filter>Header Files</Filter>
    </ClInclude>
    <ClInclude Include="IGame.h">
      <Filter>Header Files</Filter>
    </ClInclude>
    <ClInclude Include="DefaultGame.h">
      <Filter>Header Files</Filter>
    </ClInclude>
    <ClInclude Include="BaseGameComponent.h">
      <Filter>Header Files</Filter>
    </ClInclude>
    <ClInclude Include="ColumnsSDLRenderer.h">
      <Filter>Header Files</Filter>
    </ClInclude>
    <ClInclude Include="SDLHelpers.h">
      <Filter>Header Files</Filter>
    </ClInclude>
    <ClInclude Include="ResourceLoader.h">
      <Filter>Header Files</Filter>
    </ClInclude>
    <ClInclude Include="Resource.h">
      <Filter>Header Files</Filter>
    </ClInclude>
    <ClInclude Include="BaseResource.h">
      <Filter>Header Files</Filter>
    </ClInclude>
    <ClInclude Include="RawMemoryResource.h">
      <Filter>Header Files</Filter>
    </ClInclude>
    <ClInclude Include="SDLText.h">
      <Filter>Header Files</Filter>
    </ClInclude>
    <ClInclude Include="TrueTypeFont.h">
      <Filter>Header Files</Filter>
    </ClInclude>
    <ClInclude Include="SDLRendering.h">
      <Filter>Header Files</Filter>
    </ClInclude>
    <ClInclude Include="ActionTranslator.h">
      <Filter>Header Files</Filter>
    </ClInclude>
    <ClInclude Include="ColumnsExecutive.h">
      <Filter>Header Files</Filter>
    </ClInclude>
    <ClInclude Include="CommonSetup.h">
      <Filter>Header Files</Filter>
    </ClInclude>
    <ClInclude Include="InputBridge.h">
      <Filter>Header Files</Filter>
    </ClInclude>
    <ClInclude Include="KeyDebug.h">
      <Filter>Header Files</Filter>
    </ClInclude>
    <ClInclude Include="EngAlgorithms.h">
      <Filter>Header Files</Filter>
    </ClInclude>
    <ClInclude Include="CheatTrie.h">
      <Filter>Header Files</Filter>
    </ClInclude>
    <ClInclude Include="SDLTextKeycodes.h">
      <Filter>Header Files</Filter>
    </ClInclude>
    <ClInclude Include="Animation.h">
      <Filter>Header Files</Filter>
    </ClInclude>
    <ClInclude Include="MessageStream.h">
      <Filter>Header Files</Filter>
    </ClInclude>
    <ClInclude Include="CommandInterface.h">
      <Filter>Header Files</Filter>
    </ClInclude>
    <ClInclude Include="SerializedCommands.h">
      <Filter>Header Files</Filter>
    </ClInclude>
    <ClInclude Include="FileCommandReader.h">
      <Filter>Header Files</Filter>
    </ClInclude>
    <ClInclude Include="FileUtils.h">
      <Filter>Header Files</Filter>
    </ClInclude>
    <ClInclude Include="Bytestream.h">
      <Filter>Header Files</Filter>
    </ClInclude>
    <ClInclude Include="Filestream.h">
      <Filter>Header Files</Filter>
    </ClInclude>
    <ClInclude Include="BaseCommand.h">
      <Filter>Header Files</Filter>
    </ClInclude>
    <ClInclude Include="ActionCommands.h">
      <Filter>Header Files</Filter>
    </ClInclude>
    <ClInclude Include="FileCommandWriter.h">
      <Filter>Header Files</Filter>
    </ClInclude>
    <ClInclude Include="CommandManager.h">
      <Filter>Header Files</Filter>
    </ClInclude>
    <ClInclude Include="IFactory.h">
      <Filter>Header Files</Filter>
    </ClInclude>
    <ClInclude Include="FactoryImpl.h">
      <Filter>Header Files</Filter>
    </ClInclude>
    <ClInclude Include="SharedValueCommand.h">
      <Filter>Header Files</Filter>
    </ClInclude>
    <ClInclude Include="ColumnsInput.h">
      <Filter>Header Files</Filter>
    </ClInclude>
    <ClInclude Include="CommandLine.h">
      <Filter>Header Files</Filter>
    </ClInclude>
    <ClInclude Include="Packet.h">
      <Filter>Header Files</Filter>
    </ClInclude>
    <ClInclude Include="DataPacket.h">
      <Filter>Header Files</Filter>
    </ClInclude>
    <ClInclude Include="ColumnsData.h">
      <Filter>Header Files</Filter>
    </ClInclude>
    <ClInclude Include="ChecksumCalc.h">
      <Filter>Header Files</Filter>
    </ClInclude>
    <ClInclude Include="FontManager.h">
      <Filter>Header Files</Filter>
    </ClInclude>
    <ClInclude Include="IFont.h">
      <Filter>Header Files</Filter>
    </ClInclude>
    <ClInclude Include="IDataTree.h">
      <Filter>Header Files</Filter>
    </ClInclude>
    <ClInclude Include="DataTreeViews.h">
      <Filter>Header Files</Filter>
    </ClInclude>
    <ClInclude Include="DTSimpleElement.h">
      <Filter>Header Files</Filter>
    </ClInclude>
    <ClInclude Include="DTSimpleDict.h">
      <Filter>Header Files</Filter>
    </ClInclude>
    <ClInclude Include="DTSimpleList.h">
      <Filter>Header Files</Filter>
    </ClInclude>
    <ClInclude Include="DTConstruct.h">
      <Filter>Header Files</Filter>
    </ClInclude>
    <ClInclude Include="DTJsonSerializer.h">
      <Filter>Header Files</Filter>
    </ClInclude>
    <ClInclude Include="DTUtils.h">
      <Filter>Header Files</Filter>
    </ClInclude>
    <ClInclude Include="DTSimple.h">
      <Filter>Header Files</Filter>
    </ClInclude>
    <ClInclude Include="ResDescriptor.h">
      <Filter>Header Files</Filter>
    </ClInclude>
    <ClInclude Include="PathUtils.h">
      <Filter>Header Files</Filter>
    </ClInclude>
    <ClInclude Include="UIEvent.h">
      <Filter>Header Files</Filter>
    </ClInclude>
    <ClInclude Include="UICommand.h">
      <Filter>Header Files</Filter>
    </ClInclude>
    <ClInclude Include="UISubscription.h">
      <Filter>Header Files</Filter>
    </ClInclude>
    <ClInclude Include="UIElementChangeEvent.h">
      <Filter>Header Files</Filter>
    </ClInclude>
    <ClInclude Include="UIData.h">
      <Filter>Header Files</Filter>
    </ClInclude>
    <ClInclude Include="UIEngine.h">
      <Filter>Header Files</Filter>
    </ClInclude>
    <ClInclude Include="UIImplElementBase.h">
      <Filter>Header Files</Filter>
    </ClInclude>
    <ClInclude Include="UIBase.h">
      <Filter>Header Files</Filter>
    </ClInclude>
    <ClInclude Include="UIImplDatumBase.h">
      <Filter>Header Files</Filter>
    </ClInclude>
    <ClInclude Include="UIImplDatumValue.h">
      <Filter>Header Files</Filter>
    </ClInclude>
    <ClInclude Include="UIImplDatumRecord.h">
      <Filter>Header Files</Filter>
    </ClInclude>
  </ItemGroup>
</Project>